
Microsoft Visual Studio Solution File, Format Version 12.00
Project("{FAE04EC0-301F-11D3-BF4B-00C04F79EFBC}") = "Lab1.GalkinCore", "Lab1.GalkinCore\Lab1.GalkinCore.csproj", "{F2D8109A-9653-4DBB-A2F8-B5C37A9454E4}"
EndProject
Global
	GlobalSection(SolutionConfigurationPlatforms) = preSolution
		Debug|Any CPU = Debug|Any CPU
		Release|Any CPU = Release|Any CPU
	EndGlobalSection
	GlobalSection(ProjectConfigurationPlatforms) = postSolution
		{F2D8109A-9653-4DBB-A2F8-B5C37A9454E4}.Debug|Any CPU.ActiveCfg = Debug|Any CPU
		{F2D8109A-9653-4DBB-A2F8-B5C37A9454E4}.Debug|Any CPU.Build.0 = Debug|Any CPU
		{F2D8109A-9653-4DBB-A2F8-B5C37A9454E4}.Release|Any CPU.ActiveCfg = Release|Any CPU
		{F2D8109A-9653-4DBB-A2F8-B5C37A9454E4}.Release|Any CPU.Build.0 = Release|Any CPU
	EndGlobalSection
EndGlobal
